{
  "name": "section1-part8",
  "lockfileVersion": 2,
  "requires": true,
  "packages": {
    "": {
      "dependencies": {
        "stream-json": "^1.7.5"
      }
    },
    "node_modules/stream-chain": {
      "version": "2.2.5",
      "resolved": "https://registry.npmjs.org/stream-chain/-/stream-chain-2.2.5.tgz",
      "integrity": "sha512-1TJmBx6aSWqZ4tx7aTpBDXK0/e2hhcNSTV8+CbFJtDjbb+I1mZ8lHit0Grw9GRT+6JbIrrDd8esncgBi8aBXGA=="
    },
    "node_modules/stream-json": {
      "version": "1.7.5",
      "resolved": "https://registry.npmjs.org/stream-json/-/stream-json-1.7.5.tgz",
      "integrity": "sha512-NSkoVduGakxZ8a+pTPUlcGEeAGQpWL9rKJhOFCV+J/QtdQUEU5vtBgVg6eJXn8JB8RZvpbJWZGvXkhz70MLWoA==",
      "dependencies": {
        "stream-chain": "^2.2.5"
      }
    }
  },
  "dependencies": {
    "stream-chain": {
      "version": "2.2.5",
      "resolved": "https://registry.npmjs.org/stream-chain/-/stream-chain-2.2.5.tgz",
      "integrity": "sha512-1TJmBx6aSWqZ4tx7aTpBDXK0/e2hhcNSTV8+CbFJtDjbb+I1mZ8lHit0Grw9GRT+6JbIrrDd8esncgBi8aBXGA=="
    },
    "stream-json": {
      "version": "1.7.5",
      "resolved": "https://registry.npmjs.org/stream-json/-/stream-json-1.7.5.tgz",
      "integrity": "sha512-NSkoVduGakxZ8a+pTPUlcGEeAGQpWL9rKJhOFCV+J/QtdQUEU5vtBgVg6eJXn8JB8RZvpbJWZGvXkhz70MLWoA==",
      "requires": {
        "stream-chain": "^2.2.5"
      }
    }
  }
}
